// !$*UTF8*$!
{
	archiveVersion = 1;
	classes = {
	};
	objectVersion = 46;
	objects = {

/* Begin PBXBuildFile section */
		D8896ACF1CA2311800C5BE81 /* AFAutoPurgingImageCache.m in Sources */ = {isa = PBXBuildFile; fileRef = D8896ABC1CA2311800C5BE81 /* AFAutoPurgingImageCache.m */; };
		D8896AD01CA2311800C5BE81 /* AFImageDownloader.m in Sources */ = {isa = PBXBuildFile; fileRef = D8896ABE1CA2311800C5BE81 /* AFImageDownloader.m */; };
		D8896AD11CA2311800C5BE81 /* AFNetworkActivityIndicatorManager.m in Sources */ = {isa = PBXBuildFile; fileRef = D8896AC01CA2311800C5BE81 /* AFNetworkActivityIndicatorManager.m */; };
		D8896AD21CA2311800C5BE81 /* UIActivityIndicatorView+AFNetworking.m in Sources */ = {isa = PBXBuildFile; fileRef = D8896AC21CA2311800C5BE81 /* UIActivityIndicatorView+AFNetworking.m */; };
		D8896AD31CA2311800C5BE81 /* UIButton+AFNetworking.m in Sources */ = {isa = PBXBuildFile; fileRef = D8896AC41CA2311800C5BE81 /* UIButton+AFNetworking.m */; };
		D8896AD41CA2311800C5BE81 /* UIImageView+AFNetworking.m in Sources */ = {isa = PBXBuildFile; fileRef = D8896AC71CA2311800C5BE81 /* UIImageView+AFNetworking.m */; };
		D8896AD51CA2311800C5BE81 /* UIProgressView+AFNetworking.m in Sources */ = {isa = PBXBuildFile; fileRef = D8896ACA1CA2311800C5BE81 /* UIProgressView+AFNetworking.m */; };
		D8896AD61CA2311800C5BE81 /* UIRefreshControl+AFNetworking.m in Sources */ = {isa = PBXBuildFile; fileRef = D8896ACC1CA2311800C5BE81 /* UIRefreshControl+AFNetworking.m */; };
		D8896AD71CA2311800C5BE81 /* UIWebView+AFNetworking.m in Sources */ = {isa = PBXBuildFile; fileRef = D8896ACE1CA2311800C5BE81 /* UIWebView+AFNetworking.m */; };
		D8896AD91CA2833500C5BE81 /* SystemConfiguration.framework in Frameworks */ = {isa = PBXBuildFile; fileRef = D8896AD81CA2833500C5BE81 /* SystemConfiguration.framework */; };
		D8CA27931CA22424002EFF0A /* main.m in Sources */ = {isa = PBXBuildFile; fileRef = D8CA27921CA22424002EFF0A /* main.m */; };
		D8CA27961CA22424002EFF0A /* AppDelegate.m in Sources */ = {isa = PBXBuildFile; fileRef = D8CA27951CA22424002EFF0A /* AppDelegate.m */; };
		D8CA27991CA22424002EFF0A /* ViewController.m in Sources */ = {isa = PBXBuildFile; fileRef = D8CA27981CA22424002EFF0A /* ViewController.m */; };
		D8CA279C1CA22424002EFF0A /* Main.storyboard in Resources */ = {isa = PBXBuildFile; fileRef = D8CA279A1CA22424002EFF0A /* Main.storyboard */; };
		D8CA279E1CA22424002EFF0A /* Assets.xcassets in Resources */ = {isa = PBXBuildFile; fileRef = D8CA279D1CA22424002EFF0A /* Assets.xcassets */; };
		D8CA27A11CA22424002EFF0A /* LaunchScreen.storyboard in Resources */ = {isa = PBXBuildFile; fileRef = D8CA279F1CA22424002EFF0A /* LaunchScreen.storyboard */; };
		D8CA27AC1CA22424002EFF0A /* ____Tests.m in Sources */ = {isa = PBXBuildFile; fileRef = D8CA27AB1CA22424002EFF0A /* ____Tests.m */; };
		D8CA27B71CA22424002EFF0A /* ____UITests.m in Sources */ = {isa = PBXBuildFile; fileRef = D8CA27B61CA22424002EFF0A /* ____UITests.m */; };
		D8CA27D21CA22437002EFF0A /* AFHTTPSessionManager.m in Sources */ = {isa = PBXBuildFile; fileRef = D8CA27C61CA22437002EFF0A /* AFHTTPSessionManager.m */; };
		D8CA27D31CA22437002EFF0A /* AFNetworkReachabilityManager.m in Sources */ = {isa = PBXBuildFile; fileRef = D8CA27C91CA22437002EFF0A /* AFNetworkReachabilityManager.m */; };
		D8CA27D41CA22437002EFF0A /* AFSecurityPolicy.m in Sources */ = {isa = PBXBuildFile; fileRef = D8CA27CB1CA22437002EFF0A /* AFSecurityPolicy.m */; };
		D8CA27D51CA22437002EFF0A /* AFURLRequestSerialization.m in Sources */ = {isa = PBXBuildFile; fileRef = D8CA27CD1CA22437002EFF0A /* AFURLRequestSerialization.m */; };
		D8CA27D61CA22437002EFF0A /* AFURLResponseSerialization.m in Sources */ = {isa = PBXBuildFile; fileRef = D8CA27CF1CA22437002EFF0A /* AFURLResponseSerialization.m */; };
		D8CA27D71CA22437002EFF0A /* AFURLSessionManager.m in Sources */ = {isa = PBXBuildFile; fileRef = D8CA27D11CA22437002EFF0A /* AFURLSessionManager.m */; };
/* End PBXBuildFile section */

/* Begin PBXContainerItemProxy section */
		D8CA27A81CA22424002EFF0A /* PBXContainerItemProxy */ = {
			isa = PBXContainerItemProxy;
			containerPortal = D8CA27861CA22424002EFF0A /* Project object */;
			proxyType = 1;
			remoteGlobalIDString = D8CA278D1CA22424002EFF0A;
			remoteInfo = "网络请求";
		};
		D8CA27B31CA22424002EFF0A /* PBXContainerItemProxy */ = {
			isa = PBXContainerItemProxy;
			containerPortal = D8CA27861CA22424002EFF0A /* Project object */;
			proxyType = 1;
			remoteGlobalIDString = D8CA278D1CA22424002EFF0A;
			remoteInfo = "网络请求";
		};
/* End PBXContainerItemProxy section */

/* Begin PBXFileReference section */
		D8896ABB1CA2311800C5BE81 /* AFAutoPurgingImageCache.h */ = {isa = PBXFileReference; fileEncoding = 4; lastKnownFileType = sourcecode.c.h; path = AFAutoPurgingImageCache.h; sourceTree = "<group>"; };
		D8896ABC1CA2311800C5BE81 /* AFAutoPurgingImageCache.m */ = {isa = PBXFileReference; fileEncoding = 4; lastKnownFileType = sourcecode.c.objc; path = AFAutoPurgingImageCache.m; sourceTree = "<group>"; };
		D8896ABD1CA2311800C5BE81 /* AFImageDownloader.h */ = {isa = PBXFileReference; fileEncoding = 4; lastKnownFileType = sourcecode.c.h; path = AFImageDownloader.h; sourceTree = "<group>"; };
		D8896ABE1CA2311800C5BE81 /* AFImageDownloader.m */ = {isa = PBXFileReference; fileEncoding = 4; lastKnownFileType = sourcecode.c.objc; path = AFImageDownloader.m; sourceTree = "<group>"; };
		D8896ABF1CA2311800C5BE81 /* AFNetworkActivityIndicatorManager.h */ = {isa = PBXFileReference; fileEncoding = 4; lastKnownFileType = sourcecode.c.h; path = AFNetworkActivityIndicatorManager.h; sourceTree = "<group>"; };
		D8896AC01CA2311800C5BE81 /* AFNetworkActivityIndicatorManager.m */ = {isa = PBXFileReference; fileEncoding = 4; lastKnownFileType = sourcecode.c.objc; path = AFNetworkActivityIndicatorManager.m; sourceTree = "<group>"; };
		D8896AC11CA2311800C5BE81 /* UIActivityIndicatorView+AFNetworking.h */ = {isa = PBXFileReference; fileEncoding = 4; lastKnownFileType = sourcecode.c.h; path = "UIActivityIndicatorView+AFNetworking.h"; sourceTree = "<group>"; };
		D8896AC21CA2311800C5BE81 /* UIActivityIndicatorView+AFNetworking.m */ = {isa = PBXFileReference; fileEncoding = 4; lastKnownFileType = sourcecode.c.objc; path = "UIActivityIndicatorView+AFNetworking.m"; sourceTree = "<group>"; };
		D8896AC31CA2311800C5BE81 /* UIButton+AFNetworking.h */ = {isa = PBXFileReference; fileEncoding = 4; lastKnownFileType = sourcecode.c.h; path = "UIButton+AFNetworking.h"; sourceTree = "<group>"; };
		D8896AC41CA2311800C5BE81 /* UIButton+AFNetworking.m */ = {isa = PBXFileReference; fileEncoding = 4; lastKnownFileType = sourcecode.c.objc; path = "UIButton+AFNetworking.m"; sourceTree = "<group>"; };
		D8896AC51CA2311800C5BE81 /* UIImage+AFNetworking.h */ = {isa = PBXFileReference; fileEncoding = 4; lastKnownFileType = sourcecode.c.h; path = "UIImage+AFNetworking.h"; sourceTree = "<group>"; };
		D8896AC61CA2311800C5BE81 /* UIImageView+AFNetworking.h */ = {isa = PBXFileReference; fileEncoding = 4; lastKnownFileType = sourcecode.c.h; path = "UIImageView+AFNetworking.h"; sourceTree = "<group>"; };
		D8896AC71CA2311800C5BE81 /* UIImageView+AFNetworking.m */ = {isa = PBXFileReference; fileEncoding = 4; lastKnownFileType = sourcecode.c.objc; path = "UIImageView+AFNetworking.m"; sourceTree = "<group>"; };
		D8896AC81CA2311800C5BE81 /* UIKit+AFNetworking.h */ = {isa = PBXFileReference; fileEncoding = 4; lastKnownFileType = sourcecode.c.h; path = "UIKit+AFNetworking.h"; sourceTree = "<group>"; };
		D8896AC91CA2311800C5BE81 /* UIProgressView+AFNetworking.h */ = {isa = PBXFileReference; fileEncoding = 4; lastKnownFileType = sourcecode.c.h; path = "UIProgressView+AFNetworking.h"; sourceTree = "<group>"; };
		D8896ACA1CA2311800C5BE81 /* UIProgressView+AFNetworking.m */ = {isa = PBXFileReference; fileEncoding = 4; lastKnownFileType = sourcecode.c.objc; path = "UIProgressView+AFNetworking.m"; sourceTree = "<group>"; };
		D8896ACB1CA2311800C5BE81 /* UIRefreshControl+AFNetworking.h */ = {isa = PBXFileReference; fileEncoding = 4; lastKnownFileType = sourcecode.c.h; path = "UIRefreshControl+AFNetworking.h"; sourceTree = "<group>"; };
		D8896ACC1CA2311800C5BE81 /* UIRefreshControl+AFNetworking.m */ = {isa = PBXFileReference; fileEncoding = 4; lastKnownFileType = sourcecode.c.objc; path = "UIRefreshControl+AFNetworking.m"; sourceTree = "<group>"; };
		D8896ACD1CA2311800C5BE81 /* UIWebView+AFNetworking.h */ = {isa = PBXFileReference; fileEncoding = 4; lastKnownFileType = sourcecode.c.h; path = "UIWebView+AFNetworking.h"; sourceTree = "<group>"; };
		D8896ACE1CA2311800C5BE81 /* UIWebView+AFNetworking.m */ = {isa = PBXFileReference; fileEncoding = 4; lastKnownFileType = sourcecode.c.objc; path = "UIWebView+AFNetworking.m"; sourceTree = "<group>"; };
		D8896AD81CA2833500C5BE81 /* SystemConfiguration.framework */ = {isa = PBXFileReference; lastKnownFileType = wrapper.framework; name = SystemConfiguration.framework; path = System/Library/Frameworks/SystemConfiguration.framework; sourceTree = SDKROOT; };
		D8CA278E1CA22424002EFF0A /* 网络请求.app */ = {isa = PBXFileReference; explicitFileType = wrapper.application; includeInIndex = 0; path = "网络请求.app"; sourceTree = BUILT_PRODUCTS_DIR; };
		D8CA27921CA22424002EFF0A /* main.m */ = {isa = PBXFileReference; lastKnownFileType = sourcecode.c.objc; path = main.m; sourceTree = "<group>"; };
		D8CA27941CA22424002EFF0A /* AppDelegate.h */ = {isa = PBXFileReference; lastKnownFileType = sourcecode.c.h; path = AppDelegate.h; sourceTree = "<group>"; };
		D8CA27951CA22424002EFF0A /* AppDelegate.m */ = {isa = PBXFileReference; lastKnownFileType = sourcecode.c.objc; path = AppDelegate.m; sourceTree = "<group>"; };
		D8CA27971CA22424002EFF0A /* ViewController.h */ = {isa = PBXFileReference; lastKnownFileType = sourcecode.c.h; path = ViewController.h; sourceTree = "<group>"; };
		D8CA27981CA22424002EFF0A /* ViewController.m */ = {isa = PBXFileReference; lastKnownFileType = sourcecode.c.objc; path = ViewController.m; sourceTree = "<group>"; };
		D8CA279B1CA22424002EFF0A /* Base */ = {isa = PBXFileReference; lastKnownFileType = file.storyboard; name = Base; path = Base.lproj/Main.storyboard; sourceTree = "<group>"; };
		D8CA279D1CA22424002EFF0A /* Assets.xcassets */ = {isa = PBXFileReference; lastKnownFileType = folder.assetcatalog; path = Assets.xcassets; sourceTree = "<group>"; };
		D8CA27A01CA22424002EFF0A /* Base */ = {isa = PBXFileReference; lastKnownFileType = file.storyboard; name = Base; path = Base.lproj/LaunchScreen.storyboard; sourceTree = "<group>"; };
		D8CA27A21CA22424002EFF0A /* Info.plist */ = {isa = PBXFileReference; lastKnownFileType = text.plist.xml; path = Info.plist; sourceTree = "<group>"; };
		D8CA27A71CA22424002EFF0A /* 网络请求Tests.xctest */ = {isa = PBXFileReference; explicitFileType = wrapper.cfbundle; includeInIndex = 0; path = "网络请求Tests.xctest"; sourceTree = BUILT_PRODUCTS_DIR; };
		D8CA27AB1CA22424002EFF0A /* ____Tests.m */ = {isa = PBXFileReference; lastKnownFileType = sourcecode.c.objc; path = "____Tests.m"; sourceTree = "<group>"; };
		D8CA27AD1CA22424002EFF0A /* Info.plist */ = {isa = PBXFileReference; lastKnownFileType = text.plist.xml; path = Info.plist; sourceTree = "<group>"; };
		D8CA27B21CA22424002EFF0A /* 网络请求UITests.xctest */ = {isa = PBXFileReference; explicitFileType = wrapper.cfbundle; includeInIndex = 0; path = "网络请求UITests.xctest"; sourceTree = BUILT_PRODUCTS_DIR; };
		D8CA27B61CA22424002EFF0A /* ____UITests.m */ = {isa = PBXFileReference; lastKnownFileType = sourcecode.c.objc; path = "____UITests.m"; sourceTree = "<group>"; };
		D8CA27B81CA22424002EFF0A /* Info.plist */ = {isa = PBXFileReference; lastKnownFileType = text.plist.xml; path = Info.plist; sourceTree = "<group>"; };
		D8CA27C51CA22437002EFF0A /* AFHTTPSessionManager.h */ = {isa = PBXFileReference; fileEncoding = 4; lastKnownFileType = sourcecode.c.h; path = AFHTTPSessionManager.h; sourceTree = "<group>"; };
		D8CA27C61CA22437002EFF0A /* AFHTTPSessionManager.m */ = {isa = PBXFileReference; fileEncoding = 4; lastKnownFileType = sourcecode.c.objc; path = AFHTTPSessionManager.m; sourceTree = "<group>"; };
		D8CA27C71CA22437002EFF0A /* AFNetworking.h */ = {isa = PBXFileReference; fileEncoding = 4; lastKnownFileType = sourcecode.c.h; path = AFNetworking.h; sourceTree = "<group>"; };
		D8CA27C81CA22437002EFF0A /* AFNetworkReachabilityManager.h */ = {isa = PBXFileReference; fileEncoding = 4; lastKnownFileType = sourcecode.c.h; path = AFNetworkReachabilityManager.h; sourceTree = "<group>"; };
		D8CA27C91CA22437002EFF0A /* AFNetworkReachabilityManager.m */ = {isa = PBXFileReference; fileEncoding = 4; lastKnownFileType = sourcecode.c.objc; path = AFNetworkReachabilityManager.m; sourceTree = "<group>"; };
		D8CA27CA1CA22437002EFF0A /* AFSecurityPolicy.h */ = {isa = PBXFileReference; fileEncoding = 4; lastKnownFileType = sourcecode.c.h; path = AFSecurityPolicy.h; sourceTree = "<group>"; };
		D8CA27CB1CA22437002EFF0A /* AFSecurityPolicy.m */ = {isa = PBXFileReference; fileEncoding = 4; lastKnownFileType = sourcecode.c.objc; path = AFSecurityPolicy.m; sourceTree = "<group>"; };
		D8CA27CC1CA22437002EFF0A /* AFURLRequestSerialization.h */ = {isa = PBXFileReference; fileEncoding = 4; lastKnownFileType = sourcecode.c.h; path = AFURLRequestSerialization.h; sourceTree = "<group>"; };
		D8CA27CD1CA22437002EFF0A /* AFURLRequestSerialization.m */ = {isa = PBXFileReference; fileEncoding = 4; lastKnownFileType = sourcecode.c.objc; path = AFURLRequestSerialization.m; sourceTree = "<group>"; };
		D8CA27CE1CA22437002EFF0A /* AFURLResponseSerialization.h */ = {isa = PBXFileReference; fileEncoding = 4; lastKnownFileType = sourcecode.c.h; path = AFURLResponseSerialization.h; sourceTree = "<group>"; };
		D8CA27CF1CA22437002EFF0A /* AFURLResponseSerialization.m */ = {isa = PBXFileReference; fileEncoding = 4; lastKnownFileType = sourcecode.c.objc; path = AFURLResponseSerialization.m; sourceTree = "<group>"; };
		D8CA27D01CA22437002EFF0A /* AFURLSessionManager.h */ = {isa = PBXFileReference; fileEncoding = 4; lastKnownFileType = sourcecode.c.h; path = AFURLSessionManager.h; sourceTree = "<group>"; };
		D8CA27D11CA22437002EFF0A /* AFURLSessionManager.m */ = {isa = PBXFileReference; fileEncoding = 4; lastKnownFileType = sourcecode.c.objc; path = AFURLSessionManager.m; sourceTree = "<group>"; };
/* End PBXFileReference section */

/* Begin PBXFrameworksBuildPhase section */
		D8CA278B1CA22424002EFF0A /* Frameworks */ = {
			isa = PBXFrameworksBuildPhase;
			buildActionMask = 2147483647;
			files = (
				D8896AD91CA2833500C5BE81 /* SystemConfiguration.framework in Frameworks */,
			);
			runOnlyForDeploymentPostprocessing = 0;
		};
		D8CA27A41CA22424002EFF0A /* Frameworks */ = {
			isa = PBXFrameworksBuildPhase;
			buildActionMask = 2147483647;
			files = (
			);
			runOnlyForDeploymentPostprocessing = 0;
		};
		D8CA27AF1CA22424002EFF0A /* Frameworks */ = {
			isa = PBXFrameworksBuildPhase;
			buildActionMask = 2147483647;
			files = (
			);
			runOnlyForDeploymentPostprocessing = 0;
		};
/* End PBXFrameworksBuildPhase section */

/* Begin PBXGroup section */
		D8896ABA1CA2311800C5BE81 /* UIKit+AFNetworking */ = {
			isa = PBXGroup;
			children = (
				D8896ABB1CA2311800C5BE81 /* AFAutoPurgingImageCache.h */,
				D8896ABC1CA2311800C5BE81 /* AFAutoPurgingImageCache.m */,
				D8896ABD1CA2311800C5BE81 /* AFImageDownloader.h */,
				D8896ABE1CA2311800C5BE81 /* AFImageDownloader.m */,
				D8896ABF1CA2311800C5BE81 /* AFNetworkActivityIndicatorManager.h */,
				D8896AC01CA2311800C5BE81 /* AFNetworkActivityIndicatorManager.m */,
				D8896AC11CA2311800C5BE81 /* UIActivityIndicatorView+AFNetworking.h */,
				D8896AC21CA2311800C5BE81 /* UIActivityIndicatorView+AFNetworking.m */,
				D8896AC31CA2311800C5BE81 /* UIButton+AFNetworking.h */,
				D8896AC41CA2311800C5BE81 /* UIButton+AFNetworking.m */,
				D8896AC51CA2311800C5BE81 /* UIImage+AFNetworking.h */,
				D8896AC61CA2311800C5BE81 /* UIImageView+AFNetworking.h */,
				D8896AC71CA2311800C5BE81 /* UIImageView+AFNetworking.m */,
				D8896AC81CA2311800C5BE81 /* UIKit+AFNetworking.h */,
				D8896AC91CA2311800C5BE81 /* UIProgressView+AFNetworking.h */,
				D8896ACA1CA2311800C5BE81 /* UIProgressView+AFNetworking.m */,
				D8896ACB1CA2311800C5BE81 /* UIRefreshControl+AFNetworking.h */,
				D8896ACC1CA2311800C5BE81 /* UIRefreshControl+AFNetworking.m */,
				D8896ACD1CA2311800C5BE81 /* UIWebView+AFNetworking.h */,
				D8896ACE1CA2311800C5BE81 /* UIWebView+AFNetworking.m */,
			);
			name = "UIKit+AFNetworking";
			path = "AFNetworking/UIKit+AFNetworking";
			sourceTree = "<group>";
		};
		D8CA27851CA22424002EFF0A = {
			isa = PBXGroup;
			children = (
				D8896ABA1CA2311800C5BE81 /* UIKit+AFNetworking */,
				D8CA27C41CA22437002EFF0A /* AFNetworking */,
				D8CA27901CA22424002EFF0A /* 网络请求 */,
				D8CA27AA1CA22424002EFF0A /* 网络请求Tests */,
				D8CA27B51CA22424002EFF0A /* 网络请求UITests */,
				D8CA278F1CA22424002EFF0A /* Products */,
			);
			sourceTree = "<group>";
		};
		D8CA278F1CA22424002EFF0A /* Products */ = {
			isa = PBXGroup;
			children = (
				D8CA278E1CA22424002EFF0A /* 网络请求.app */,
				D8CA27A71CA22424002EFF0A /* 网络请求Tests.xctest */,
				D8CA27B21CA22424002EFF0A /* 网络请求UITests.xctest */,
			);
			name = Products;
			sourceTree = "<group>";
		};
		D8CA27901CA22424002EFF0A /* 网络请求 */ = {
			isa = PBXGroup;
			children = (
				D8CA27941CA22424002EFF0A /* AppDelegate.h */,
				D8CA27951CA22424002EFF0A /* AppDelegate.m */,
				D8CA27971CA22424002EFF0A /* ViewController.h */,
				D8CA27981CA22424002EFF0A /* ViewController.m */,
				D8CA279A1CA22424002EFF0A /* Main.storyboard */,
				D8CA279D1CA22424002EFF0A /* Assets.xcassets */,
				D8CA279F1CA22424002EFF0A /* LaunchScreen.storyboard */,
				D8CA27A21CA22424002EFF0A /* Info.plist */,
				D8CA27911CA22424002EFF0A /* Supporting Files */,
			);
			path = "网络请求";
			sourceTree = "<group>";
		};
		D8CA27911CA22424002EFF0A /* Supporting Files */ = {
			isa = PBXGroup;
			children = (
				D8896AD81CA2833500C5BE81 /* SystemConfiguration.framework */,
				D8CA27921CA22424002EFF0A /* main.m */,
			);
			name = "Supporting Files";
			sourceTree = "<group>";
		};
		D8CA27AA1CA22424002EFF0A /* 网络请求Tests */ = {
			isa = PBXGroup;
			children = (
				D8CA27AB1CA22424002EFF0A /* ____Tests.m */,
				D8CA27AD1CA22424002EFF0A /* Info.plist */,
			);
			path = "网络请求Tests";
			sourceTree = "<group>";
		};
		D8CA27B51CA22424002EFF0A /* 网络请求UITests */ = {
			isa = PBXGroup;
			children = (
				D8CA27B61CA22424002EFF0A /* ____UITests.m */,
				D8CA27B81CA22424002EFF0A /* Info.plist */,
			);
			path = "网络请求UITests";
			sourceTree = "<group>";
		};
		D8CA27C41CA22437002EFF0A /* AFNetworking */ = {
			isa = PBXGroup;
			children = (
				D8CA27C51CA22437002EFF0A /* AFHTTPSessionManager.h */,
				D8CA27C61CA22437002EFF0A /* AFHTTPSessionManager.m */,
				D8CA27C71CA22437002EFF0A /* AFNetworking.h */,
				D8CA27C81CA22437002EFF0A /* AFNetworkReachabilityManager.h */,
				D8CA27C91CA22437002EFF0A /* AFNetworkReachabilityManager.m */,
				D8CA27CA1CA22437002EFF0A /* AFSecurityPolicy.h */,
				D8CA27CB1CA22437002EFF0A /* AFSecurityPolicy.m */,
				D8CA27CC1CA22437002EFF0A /* AFURLRequestSerialization.h */,
				D8CA27CD1CA22437002EFF0A /* AFURLRequestSerialization.m */,
				D8CA27CE1CA22437002EFF0A /* AFURLResponseSerialization.h */,
				D8CA27CF1CA22437002EFF0A /* AFURLResponseSerialization.m */,
				D8CA27D01CA22437002EFF0A /* AFURLSessionManager.h */,
				D8CA27D11CA22437002EFF0A /* AFURLSessionManager.m */,
			);
			path = AFNetworking;
			sourceTree = "<group>";
		};
/* End PBXGroup section */

/* Begin PBXNativeTarget section */
		D8CA278D1CA22424002EFF0A /* 网络请求 */ = {
			isa = PBXNativeTarget;
			buildConfigurationList = D8CA27BB1CA22424002EFF0A /* Build configuration list for PBXNativeTarget "网络请求" */;
			buildPhases = (
				D8CA278A1CA22424002EFF0A /* Sources */,
				D8CA278B1CA22424002EFF0A /* Frameworks */,
				D8CA278C1CA22424002EFF0A /* Resources */,
			);
			buildRules = (
			);
			dependencies = (
			);
			name = "网络请求";
			productName = "网络请求";
			productReference = D8CA278E1CA22424002EFF0A /* 网络请求.app */;
			productType = "com.apple.product-type.application";
		};
		D8CA27A61CA22424002EFF0A /* 网络请求Tests */ = {
			isa = PBXNativeTarget;
			buildConfigurationList = D8CA27BE1CA22424002EFF0A /* Build configuration list for PBXNativeTarget "网络请求Tests" */;
			buildPhases = (
				D8CA27A31CA22424002EFF0A /* Sources */,
				D8CA27A41CA22424002EFF0A /* Frameworks */,
				D8CA27A51CA22424002EFF0A /* Resources */,
			);
			buildRules = (
			);
			dependencies = (
				D8CA27A91CA22424002EFF0A /* PBXTargetDependency */,
			);
			name = "网络请求Tests";
			productName = "网络请求Tests";
			productReference = D8CA27A71CA22424002EFF0A /* 网络请求Tests.xctest */;
			productType = "com.apple.product-type.bundle.unit-test";
		};
		D8CA27B11CA22424002EFF0A /* 网络请求UITests */ = {
			isa = PBXNativeTarget;
			buildConfigurationList = D8CA27C11CA22424002EFF0A /* Build configuration list for PBXNativeTarget "网络请求UITests" */;
			buildPhases = (
				D8CA27AE1CA22424002EFF0A /* Sources */,
				D8CA27AF1CA22424002EFF0A /* Frameworks */,
				D8CA27B01CA22424002EFF0A /* Resources */,
			);
			buildRules = (
			);
			dependencies = (
				D8CA27B41CA22424002EFF0A /* PBXTargetDependency */,
			);
			name = "网络请求UITests";
			productName = "网络请求UITests";
			productReference = D8CA27B21CA22424002EFF0A /* 网络请求UITests.xctest */;
			productType = "com.apple.product-type.bundle.ui-testing";
		};
/* End PBXNativeTarget section */

/* Begin PBXProject section */
		D8CA27861CA22424002EFF0A /* Project object */ = {
			isa = PBXProject;
			attributes = {
				LastUpgradeCheck = 0730;
				ORGANIZATIONNAME = "张海禄";
				TargetAttributes = {
					D8CA278D1CA22424002EFF0A = {
						CreatedOnToolsVersion = 7.3;
						DevelopmentTeam = VLHH945AX7;
					};
					D8CA27A61CA22424002EFF0A = {
						CreatedOnToolsVersion = 7.3;
						DevelopmentTeam = VLHH945AX7;
						TestTargetID = D8CA278D1CA22424002EFF0A;
					};
					D8CA27B11CA22424002EFF0A = {
						CreatedOnToolsVersion = 7.3;
						DevelopmentTeam = VLHH945AX7;
						TestTargetID = D8CA278D1CA22424002EFF0A;
					};
				};
			};
			buildConfigurationList = D8CA27891CA22424002EFF0A /* Build configuration list for PBXProject "网络请求" */;
			compatibilityVersion = "Xcode 3.2";
			developmentRegion = English;
			hasScannedForEncodings = 0;
			knownRegions = (
				en,
				Base,
			);
			mainGroup = D8CA27851CA22424002EFF0A;
			productRefGroup = D8CA278F1CA22424002EFF0A /* Products */;
			projectDirPath = "";
			projectRoot = "";
			targets = (
				D8CA278D1CA22424002EFF0A /* 网络请求 */,
				D8CA27A61CA22424002EFF0A /* 网络请求Tests */,
				D8CA27B11CA22424002EFF0A /* 网络请求UITests */,
			);
		};
/* End PBXProject section */

/* Begin PBXResourcesBuildPhase section */
		D8CA278C1CA22424002EFF0A /* Resources */ = {
			isa = PBXResourcesBuildPhase;
			buildActionMask = 2147483647;
			files = (
				D8CA27A11CA22424002EFF0A /* LaunchScreen.storyboard in Resources */,
				D8CA279E1CA22424002EFF0A /* Assets.xcassets in Resources */,
				D8CA279C1CA22424002EFF0A /* Main.storyboard in Resources */,
			);
			runOnlyForDeploymentPostprocessing = 0;
		};
		D8CA27A51CA22424002EFF0A /* Resources */ = {
			isa = PBXResourcesBuildPhase;
			buildActionMask = 2147483647;
			files = (
			);
			runOnlyForDeploymentPostprocessing = 0;
		};
		D8CA27B01CA22424002EFF0A /* Resources */ = {
			isa = PBXResourcesBuildPhase;
			buildActionMask = 2147483647;
			files = (
			);
			runOnlyForDeploymentPostprocessing = 0;
		};
/* End PBXResourcesBuildPhase section */

/* Begin PBXSourcesBuildPhase section */
		D8CA278A1CA22424002EFF0A /* Sources */ = {
			isa = PBXSourcesBuildPhase;
			buildActionMask = 2147483647;
			files = (
				D8896AD51CA2311800C5BE81 /* UIProgressView+AFNetworking.m in Sources */,
				D8CA27D71CA22437002EFF0A /* AFURLSessionManager.m in Sources */,
				D8896AD71CA2311800C5BE81 /* UIWebView+AFNetworking.m in Sources */,
				D8896AD41CA2311800C5BE81 /* UIImageView+AFNetworking.m in Sources */,
				D8CA27991CA22424002EFF0A /* ViewController.m in Sources */,
				D8896AD31CA2311800C5BE81 /* UIButton+AFNetworking.m in Sources */,
				D8CA27961CA22424002EFF0A /* AppDelegate.m in Sources */,
				D8CA27D31CA22437002EFF0A /* AFNetworkReachabilityManager.m in Sources */,
				D8896AD61CA2311800C5BE81 /* UIRefreshControl+AFNetworking.m in Sources */,
				D8CA27931CA22424002EFF0A /* main.m in Sources */,
				D8896ACF1CA2311800C5BE81 /* AFAutoPurgingImageCache.m in Sources */,
				D8CA27D41CA22437002EFF0A /* AFSecurityPolicy.m in Sources */,
				D8CA27D51CA22437002EFF0A /* AFURLRequestSerialization.m in Sources */,
				D8896AD11CA2311800C5BE81 /* AFNetworkActivityIndicatorManager.m in Sources */,
				D8CA27D61CA22437002EFF0A /* AFURLResponseSerialization.m in Sources */,
				D8CA27D21CA22437002EFF0A /* AFHTTPSessionManager.m in Sources */,
				D8896AD01CA2311800C5BE81 /* AFImageDownloader.m in Sources */,
				D8896AD21CA2311800C5BE81 /* UIActivityIndicatorView+AFNetworking.m in Sources */,
			);
			runOnlyForDeploymentPostprocessing = 0;
		};
		D8CA27A31CA22424002EFF0A /* Sources */ = {
			isa = PBXSourcesBuildPhase;
			buildActionMask = 2147483647;
			files = (
				D8CA27AC1CA22424002EFF0A /* ____Tests.m in Sources */,
			);
			runOnlyForDeploymentPostprocessing = 0;
		};
		D8CA27AE1CA22424002EFF0A /* Sources */ = {
			isa = PBXSourcesBuildPhase;
			buildActionMask = 2147483647;
			files = (
				D8CA27B71CA22424002EFF0A /* ____UITests.m in Sources */,
			);
			runOnlyForDeploymentPostprocessing = 0;
		};
/* End PBXSourcesBuildPhase section */

/* Begin PBXTargetDependency section */
		D8CA27A91CA22424002EFF0A /* PBXTargetDependency */ = {
			isa = PBXTargetDependency;
			target = D8CA278D1CA22424002EFF0A /* 网络请求 */;
			targetProxy = D8CA27A81CA22424002EFF0A /* PBXContainerItemProxy */;
		};
		D8CA27B41CA22424002EFF0A /* PBXTargetDependency */ = {
			isa = PBXTargetDependency;
			target = D8CA278D1CA22424002EFF0A /* 网络请求 */;
			targetProxy = D8CA27B31CA22424002EFF0A /* PBXContainerItemProxy */;
		};
/* End PBXTargetDependency section */

/* Begin PBXVariantGroup section */
		D8CA279A1CA22424002EFF0A /* Main.storyboard */ = {
			isa = PBXVariantGroup;
			children = (
				D8CA279B1CA22424002EFF0A /* Base */,
			);
			name = Main.storyboard;
			sourceTree = "<group>";
		};
		D8CA279F1CA22424002EFF0A /* LaunchScreen.storyboard */ = {
			isa = PBXVariantGroup;
			children = (
				D8CA27A01CA22424002EFF0A /* Base */,
			);
			name = LaunchScreen.storyboard;
			sourceTree = "<group>";
		};
/* End PBXVariantGroup section */

/* Begin XCBuildConfiguration section */
		D8CA27B91CA22424002EFF0A /* Debug */ = {
			isa = XCBuildConfiguration;
			buildSettings = {
				ALWAYS_SEARCH_USER_PATHS = NO;
				CLANG_ANALYZER_NONNULL = YES;
				CLANG_CXX_LANGUAGE_STANDARD = "gnu++0x";
				CLANG_CXX_LIBRARY = "libc++";
				CLANG_ENABLE_MODULES = YES;
				CLANG_ENABLE_OBJC_ARC = YES;
				CLANG_WARN_BOOL_CONVERSION = YES;
				CLANG_WARN_CONSTANT_CONVERSION = YES;
				CLANG_WARN_DIRECT_OBJC_ISA_USAGE = YES_ERROR;
				CLANG_WARN_EMPTY_BODY = YES;
				CLANG_WARN_ENUM_CONVERSION = YES;
				CLANG_WARN_INT_CONVERSION = YES;
				CLANG_WARN_OBJC_ROOT_CLASS = YES_ERROR;
				CLANG_WARN_UNREACHABLE_CODE = YES;
				CLANG_WARN__DUPLICATE_METHOD_MATCH = YES;
				"CODE_SIGN_IDENTITY[sdk=iphoneos*]" = "iPhone Developer";
				COPY_PHASE_STRIP = NO;
				DEBUG_INFORMATION_FORMAT = dwarf;
				ENABLE_STRICT_OBJC_MSGSEND = YES;
				ENABLE_TESTABILITY = YES;
				GCC_C_LANGUAGE_STANDARD = gnu99;
				GCC_DYNAMIC_NO_PIC = NO;
				GCC_NO_COMMON_BLOCKS = YES;
				GCC_OPTIMIZATION_LEVEL = 0;
				GCC_PREPROCESSOR_DEFINITIONS = (
					"DEBUG=1",
					"$(inherited)",
				);
				GCC_WARN_64_TO_32_BIT_CONVERSION = YES;
				GCC_WARN_ABOUT_RETURN_TYPE = YES_ERROR;
				GCC_WARN_UNDECLARED_SELECTOR = YES;
				GCC_WARN_UNINITIALIZED_AUTOS = YES_AGGRESSIVE;
				GCC_WARN_UNUSED_FUNCTION = YES;
				GCC_WARN_UNUSED_VARIABLE = YES;
				IPHONEOS_DEPLOYMENT_TARGET = 9.3;
				MTL_ENABLE_DEBUG_INFO = YES;
				ONLY_ACTIVE_ARCH = YES;
				SDKROOT = iphoneos;
			};
			name = Debug;
		};
		D8CA27BA1CA22424002EFF0A /* Release */ = {
			isa = XCBuildConfiguration;
			buildSettings = {
				ALWAYS_SEARCH_USER_PATHS = NO;
				CLANG_ANALYZER_NONNULL = YES;
				CLANG_CXX_LANGUAGE_STANDARD = "gnu++0x";
				CLANG_CXX_LIBRARY = "libc++";
				CLANG_ENABLE_MODULES = YES;
				CLANG_ENABLE_OBJC_ARC = YES;
				CLANG_WARN_BOOL_CONVERSION = YES;
				CLANG_WARN_CONSTANT_CONVERSION = YES;
				CLANG_WARN_DIRECT_OBJC_ISA_USAGE = YES_ERROR;
				CLANG_WARN_EMPTY_BODY = YES;
				CLANG_WARN_ENUM_CONVERSION = YES;
				CLANG_WARN_INT_CONVERSION = YES;
				CLANG_WARN_OBJC_ROOT_CLASS = YES_ERROR;
				CLANG_WARN_UNREACHABLE_CODE = YES;
				CLANG_WARN__DUPLICATE_METHOD_MATCH = YES;
				"CODE_SIGN_IDENTITY[sdk=iphoneos*]" = "iPhone Developer";
				COPY_PHASE_STRIP = NO;
				DEBUG_INFORMATION_FORMAT = "dwarf-with-dsym";
				ENABLE_NS_ASSERTIONS = NO;
				ENABLE_STRICT_OBJC_MSGSEND = YES;
				GCC_C_LANGUAGE_STANDARD = gnu99;
				GCC_NO_COMMON_BLOCKS = YES;
				GCC_WARN_64_TO_32_BIT_CONVERSION = YES;
				GCC_WARN_ABOUT_RETURN_TYPE = YES_ERROR;
				GCC_WARN_UNDECLARED_SELECTOR = YES;
				GCC_WARN_UNINITIALIZED_AUTOS = YES_AGGRESSIVE;
				GCC_WARN_UNUSED_FUNCTION = YES;
				GCC_WARN_UNUSED_VARIABLE = YES;
				IPHONEOS_DEPLOYMENT_TARGET = 9.3;
				MTL_ENABLE_DEBUG_INFO = NO;
				SDKROOT = iphoneos;
				VALIDATE_PRODUCT = YES;
			};
			name = Release;
		};
		D8CA27BC1CA22424002EFF0A /* Debug */ = {
			isa = XCBuildConfiguration;
			buildSettings = {
				ASSETCATALOG_COMPILER_APPICON_NAME = AppIcon;
				INFOPLIST_FILE = "网络请求/Info.plist";
				LD_RUNPATH_SEARCH_PATHS = "$(inherited) @executable_path/Frameworks";
				PRODUCT_BUNDLE_IDENTIFIER = "zhanghailu.----";
				PRODUCT_NAME = "$(TARGET_NAME)";
			};
			name = Debug;
		};
		D8CA27BD1CA22424002EFF0A /* Release */ = {
			isa = XCBuildConfiguration;
			buildSettings = {
				ASSETCATALOG_COMPILER_APPICON_NAME = AppIcon;
				INFOPLIST_FILE = "网络请求/Info.plist";
				LD_RUNPATH_SEARCH_PATHS = "$(inherited) @executable_path/Frameworks";
				PRODUCT_BUNDLE_IDENTIFIER = "zhanghailu.----";
				PRODUCT_NAME = "$(TARGET_NAME)";
			};
			name = Release;
		};
		D8CA27BF1CA22424002EFF0A /* Debug */ = {
			isa = XCBuildConfiguration;
			buildSettings = {
				BUNDLE_LOADER = "$(TEST_HOST)";
				INFOPLIST_FILE = "网络请求Tests/Info.plist";
				LD_RUNPATH_SEARCH_PATHS = "$(inherited) @executable_path/Frameworks @loader_path/Frameworks";
				PRODUCT_BUNDLE_IDENTIFIER = "zhanghailu.----Tests";
				PRODUCT_NAME = "$(TARGET_NAME)";
				TEST_HOST = "$(BUILT_PRODUCTS_DIR)/网络请求.app/网络请求";
			};
			name = Debug;
		};
		D8CA27C01CA22424002EFF0A /* Release */ = {
			isa = XCBuildConfiguration;
			buildSettings = {
				BUNDLE_LOADER = "$(TEST_HOST)";
				INFOPLIST_FILE = "网络请求Tests/Info.plist";
				LD_RUNPATH_SEARCH_PATHS = "$(inherited) @executable_path/Frameworks @loader_path/Frameworks";
				PRODUCT_BUNDLE_IDENTIFIER = "zhanghailu.----Tests";
				PRODUCT_NAME = "$(TARGET_NAME)";
				TEST_HOST = "$(BUILT_PRODUCTS_DIR)/网络请求.app/网络请求";
			};
			name = Release;
		};
		D8CA27C21CA22424002EFF0A /* Debug */ = {
			isa = XCBuildConfiguration;
			buildSettings = {
				INFOPLIST_FILE = "网络请求UITests/Info.plist";
				LD_RUNPATH_SEARCH_PATHS = "$(inherited) @executable_path/Frameworks @loader_path/Frameworks";
				PRODUCT_BUNDLE_IDENTIFIER = "zhanghailu.----UITests";
				PRODUCT_NAME = "$(TARGET_NAME)";
				TEST_TARGET_NAME = "网络请求";
			};
			name = Debug;
		};
		D8CA27C31CA22424002EFF0A /* Release */ = {
			isa = XCBuildConfiguration;
			buildSettings = {
				INFOPLIST_FILE = "网络请求UITests/Info.plist";
				LD_RUNPATH_SEARCH_PATHS = "$(inherited) @executable_path/Frameworks @loader_path/Frameworks";
				PRODUCT_BUNDLE_IDENTIFIER = "zhanghailu.----UITests";
				PRODUCT_NAME = "$(TARGET_NAME)";
				TEST_TARGET_NAME = "网络请求";
			};
			name = Release;
		};
/* End XCBuildConfiguration section */

/* Begin XCConfigurationList section */
		D8CA27891CA22424002EFF0A /* Build configuration list for PBXProject "网络请求" */ = {
			isa = XCConfigurationList;
			buildConfigurations = (
				D8CA27B91CA22424002EFF0A /* Debug */,
				D8CA27BA1CA22424002EFF0A /* Release */,
			);
			defaultConfigurationIsVisible = 0;
			defaultConfigurationName = Release;
		};
		D8CA27BB1CA22424002EFF0A /* Build configuration list for PBXNativeTarget "网络请求" */ = {
			isa = XCConfigurationList;
			buildConfigurations = (
				D8CA27BC1CA22424002EFF0A /* Debug */,
				D8CA27BD1CA22424002EFF0A /* Release */,
			);
			defaultConfigurationIsVisible = 0;
			defaultConfigurationName = Release;
		};
		D8CA27BE1CA22424002EFF0A /* Build configuration list for PBXNativeTarget "网络请求Tests" */ = {
			isa = XCConfigurationList;
			buildConfigurations = (
				D8CA27BF1CA22424002EFF0A /* Debug */,
				D8CA27C01CA22424002EFF0A /* Release */,
			);
			defaultConfigurationIsVisible = 0;
			defaultConfigurationName = Release;
		};
		D8CA27C11CA22424002EFF0A /* Build configuration list for PBXNativeTarget "网络请求UITests" */ = {
			isa = XCConfigurationList;
			buildConfigurations = (
				D8CA27C21CA22424002EFF0A /* Debug */,
				D8CA27C31CA22424002EFF0A /* Release */,
			);
			defaultConfigurationIsVisible = 0;
			defaultConfigurationName = Release;
		};
/* End XCConfigurationList section */
	};
	rootObject = D8CA27861CA22424002EFF0A /* Project object */;
}
